
Microsoft Visual Studio Solution File, Format Version 12.00
# Visual Studio Version 17
VisualStudioVersion = 17.1.32407.343
MinimumVisualStudioVersion = 10.0.40219.1
Project("{9A19103F-16F7-4668-BE54-9A1E7A4F7556}") = "backend", "backend\backend.csproj", "{86F99078-BD96-4C96-8E27-19105971E56B}"
EndProject
Project("{9A19103F-16F7-4668-BE54-9A1E7A4F7556}") = "BackendAnswerTests", "BackendAnswerTests\BackendAnswerTests.csproj", "{0E2B0EC7-CAA4-4DD2-A3B0-1F0C3A88DC40}"
EndProject
Project("{E53339B2-1760-4266-BCC7-CA923CBCF16C}") = "docker-compose", "docker-compose.dcproj", "{6A87FD4E-E116-4B3D-A346-48783CA74712}"
EndProject
Global
	GlobalSection(SolutionConfigurationPlatforms) = preSolution
		Debug|Any CPU = Debug|Any CPU
		Release|Any CPU = Release|Any CPU
	EndGlobalSection
	GlobalSection(ProjectConfigurationPlatforms) = postSolution
		{86F99078-BD96-4C96-8E27-19105971E56B}.Debug|Any CPU.ActiveCfg = Debug|Any CPU
		{86F99078-BD96-4C96-8E27-19105971E56B}.Debug|Any CPU.Build.0 = Debug|Any CPU
		{86F99078-BD96-4C96-8E27-19105971E56B}.Release|Any CPU.ActiveCfg = Release|Any CPU
		{86F99078-BD96-4C96-8E27-19105971E56B}.Release|Any CPU.Build.0 = Release|Any CPU
		{0E2B0EC7-CAA4-4DD2-A3B0-1F0C3A88DC40}.Debug|Any CPU.ActiveCfg = Debug|Any CPU
		{0E2B0EC7-CAA4-4DD2-A3B0-1F0C3A88DC40}.Debug|Any CPU.Build.0 = Debug|Any CPU
		{0E2B0EC7-CAA4-4DD2-A3B0-1F0C3A88DC40}.Release|Any CPU.ActiveCfg = Release|Any CPU
		{0E2B0EC7-CAA4-4DD2-A3B0-1F0C3A88DC40}.Release|Any CPU.Build.0 = Release|Any CPU
		{6A87FD4E-E116-4B3D-A346-48783CA74712}.Debug|Any CPU.ActiveCfg = Debug|Any CPU
		{6A87FD4E-E116-4B3D-A346-48783CA74712}.Debug|Any CPU.Build.0 = Debug|Any CPU
		{6A87FD4E-E116-4B3D-A346-48783CA74712}.Release|Any CPU.ActiveCfg = Release|Any CPU
		{6A87FD4E-E116-4B3D-A346-48783CA74712}.Release|Any CPU.Build.0 = Release|Any CPU
	EndGlobalSection
	GlobalSection(SolutionProperties) = preSolution
		HideSolutionNode = FALSE
	EndGlobalSection
	GlobalSection(ExtensibilityGlobals) = postSolution
		SolutionGuid = {E1AB65A2-EDF3-49EB-9BC1-1F517D0BF0D6}
	EndGlobalSection
EndGlobal
